// !$*UTF8*$!
{
	archiveVersion = 1;
	classes = {
	};
	objectVersion = 50;
	objects = {

/* Begin PBXBuildFile section */
		3107649E23613C5000CE0BDC /* hw05.cpp in Sources */ = {isa = PBXBuildFile; fileRef = 3107649D23613C5000CE0BDC /* hw05.cpp */; };
		310764A723613E0300CE0BDC /* Noble.cpp in Sources */ = {isa = PBXBuildFile; fileRef = 310764A623613E0300CE0BDC /* Noble.cpp */; };
		310764A923613E0C00CE0BDC /* Warrior.cpp in Sources */ = {isa = PBXBuildFile; fileRef = 310764A823613E0C00CE0BDC /* Warrior.cpp */; };
/* End PBXBuildFile section */

/* Begin PBXCopyFilesBuildPhase section */
		3107649823613C5000CE0BDC /* CopyFiles */ = {
			isa = PBXCopyFilesBuildPhase;
			buildActionMask = 2147483647;
			dstPath = /usr/share/man/man1/;
			dstSubfolderSpec = 0;
			files = (
			);
			runOnlyForDeploymentPostprocessing = 1;
		};
/* End PBXCopyFilesBuildPhase section */

/* Begin PBXFileReference section */
		3107649A23613C5000CE0BDC /* hw06 */ = {isa = PBXFileReference; explicitFileType = "compiled.mach-o.executable"; includeInIndex = 0; path = hw06; sourceTree = BUILT_PRODUCTS_DIR; };
		3107649D23613C5000CE0BDC /* hw05.cpp */ = {isa = PBXFileReference; lastKnownFileType = sourcecode.cpp.cpp; path = hw05.cpp; sourceTree = "<group>"; };
		310764A423613DE800CE0BDC /* Noble.h */ = {isa = PBXFileReference; lastKnownFileType = sourcecode.c.h; path = Noble.h; sourceTree = "<group>"; };
		310764A523613DF200CE0BDC /* Warrior.h */ = {isa = PBXFileReference; lastKnownFileType = sourcecode.c.h; path = Warrior.h; sourceTree = "<group>"; };
		310764A623613E0300CE0BDC /* Noble.cpp */ = {isa = PBXFileReference; lastKnownFileType = sourcecode.cpp.cpp; path = Noble.cpp; sourceTree = "<group>"; };
		310764A823613E0C00CE0BDC /* Warrior.cpp */ = {isa = PBXFileReference; lastKnownFileType = sourcecode.cpp.cpp; path = Warrior.cpp; sourceTree = "<group>"; };
/* End PBXFileReference section */

/* Begin PBXFrameworksBuildPhase section */
		3107649723613C5000CE0BDC /* Frameworks */ = {
			isa = PBXFrameworksBuildPhase;
			buildActionMask = 2147483647;
			files = (
			);
			runOnlyForDeploymentPostprocessing = 0;
		};
/* End PBXFrameworksBuildPhase section */

/* Begin PBXGroup section */
		3107649123613C5000CE0BDC = {
			isa = PBXGroup;
			children = (
				3107649C23613C5000CE0BDC /* hw06 */,
				3107649B23613C5000CE0BDC /* Products */,
			);
			sourceTree = "<group>";
		};
		3107649B23613C5000CE0BDC /* Products */ = {
			isa = PBXGroup;
			children = (
				3107649A23613C5000CE0BDC /* hw06 */,
			);
			name = Products;
			sourceTree = "<group>";
		};
		3107649C23613C5000CE0BDC /* hw06 */ = {
			isa = PBXGroup;
			children = (
				3107649D23613C5000CE0BDC /* hw05.cpp */,
				310764A423613DE800CE0BDC /* Noble.h */,
				310764A623613E0300CE0BDC /* Noble.cpp */,
				310764A523613DF200CE0BDC /* Warrior.h */,
				310764A823613E0C00CE0BDC /* Warrior.cpp */,
			);
			path = hw06;
			sourceTree = "<group>";
		};
/* End PBXGroup section */

/* Begin PBXNativeTarget section */
		3107649923613C5000CE0BDC /* hw06 */ = {
			isa = PBXNativeTarget;
			buildConfigurationList = 310764A123613C5000CE0BDC /* Build configuration list for PBXNativeTarget "hw06" */;
			buildPhases = (
				3107649623613C5000CE0BDC /* Sources */,
				3107649723613C5000CE0BDC /* Frameworks */,
				3107649823613C5000CE0BDC /* CopyFiles */,
			);
			buildRules = (
			);
			dependencies = (
			);
			name = hw06;
			productName = hw06;
			productReference = 3107649A23613C5000CE0BDC /* hw06 */;
			productType = "com.apple.product-type.tool";
		};
/* End PBXNativeTarget section */

/* Begin PBXProject section */
		3107649223613C5000CE0BDC /* Project object */ = {
			isa = PBXProject;
			attributes = {
				LastUpgradeCheck = 1110;
				ORGANIZATIONNAME = "Angie Zhao";
				TargetAttributes = {
					3107649923613C5000CE0BDC = {
						CreatedOnToolsVersion = 11.1;
					};
				};
			};
			buildConfigurationList = 3107649523613C5000CE0BDC /* Build configuration list for PBXProject "hw06" */;
			compatibilityVersion = "Xcode 9.3";
			developmentRegion = en;
			hasScannedForEncodings = 0;
			knownRegions = (
				en,
				Base,
			);
			mainGroup = 3107649123613C5000CE0BDC;
			productRefGroup = 3107649B23613C5000CE0BDC /* Products */;
			projectDirPath = "";
			projectRoot = "";
			targets = (
				3107649923613C5000CE0BDC /* hw06 */,
			);
		};
/* End PBXProject section */

/* Begin PBXSourcesBuildPhase section */
		3107649623613C5000CE0BDC /* Sources */ = {
			isa = PBXSourcesBuildPhase;
			buildActionMask = 2147483647;
			files = (
				310764A723613E0300CE0BDC /* Noble.cpp in Sources */,
				3107649E23613C5000CE0BDC /* hw05.cpp in Sources */,
				310764A923613E0C00CE0BDC /* Warrior.cpp in Sources */,
			);
			runOnlyForDeploymentPostprocessing = 0;
		};
/* End PBXSourcesBuildPhase section */

/* Begin XCBuildConfiguration section */
		3107649F23613C5000CE0BDC /* Debug */ = {
			isa = XCBuildConfiguration;
			buildSettings = {
				ALWAYS_SEARCH_USER_PATHS = NO;
				CLANG_ANALYZER_NONNULL = YES;
				CLANG_ANALYZER_NUMBER_OBJECT_CONVERSION = YES_AGGRESSIVE;
				CLANG_CXX_LANGUAGE_STANDARD = "gnu++14";
				CLANG_CXX_LIBRARY = "libc++";
				CLANG_ENABLE_MODULES = YES;
				CLANG_ENABLE_OBJC_ARC = YES;
				CLANG_ENABLE_OBJC_WEAK = YES;
				CLANG_WARN_BLOCK_CAPTURE_AUTORELEASING = YES;
				CLANG_WARN_BOOL_CONVERSION = YES;
				CLANG_WARN_COMMA = YES;
				CLANG_WARN_CONSTANT_CONVERSION = YES;
				CLANG_WARN_DEPRECATED_OBJC_IMPLEMENTATIONS = YES;
				CLANG_WARN_DIRECT_OBJC_ISA_USAGE = YES_ERROR;
				CLANG_WARN_DOCUMENTATION_COMMENTS = YES;
				CLANG_WARN_EMPTY_BODY = YES;
				CLANG_WARN_ENUM_CONVERSION = YES;
				CLANG_WARN_INFINITE_RECURSION = YES;
				CLANG_WARN_INT_CONVERSION = YES;
				CLANG_WARN_NON_LITERAL_NULL_CONVERSION = YES;
				CLANG_WARN_OBJC_IMPLICIT_RETAIN_SELF = YES;
				CLANG_WARN_OBJC_LITERAL_CONVERSION = YES;
				CLANG_WARN_OBJC_ROOT_CLASS = YES_ERROR;
				CLANG_WARN_RANGE_LOOP_ANALYSIS = YES;
				CLANG_WARN_STRICT_PROTOTYPES = YES;
				CLANG_WARN_SUSPICIOUS_MOVE = YES;
				CLANG_WARN_UNGUARDED_AVAILABILITY = YES_AGGRESSIVE;
				CLANG_WARN_UNREACHABLE_CODE = YES;
				CLANG_WARN__DUPLICATE_METHOD_MATCH = YES;
				COPY_PHASE_STRIP = NO;
				DEBUG_INFORMATION_FORMAT = dwarf;
				ENABLE_STRICT_OBJC_MSGSEND = YES;
				ENABLE_TESTABILITY = YES;
				GCC_C_LANGUAGE_STANDARD = gnu11;
				GCC_DYNAMIC_NO_PIC = NO;
				GCC_NO_COMMON_BLOCKS = YES;
				GCC_OPTIMIZATION_LEVEL = 0;
				GCC_PREPROCESSOR_DEFINITIONS = (
					"DEBUG=1",
					"$(inherited)",
				);
				GCC_WARN_64_TO_32_BIT_CONVERSION = YES;
				GCC_WARN_ABOUT_RETURN_TYPE = YES_ERROR;
				GCC_WARN_UNDECLARED_SELECTOR = YES;
				GCC_WARN_UNINITIALIZED_AUTOS = YES_AGGRESSIVE;
				GCC_WARN_UNUSED_FUNCTION = YES;
				GCC_WARN_UNUSED_VARIABLE = YES;
				MACOSX_DEPLOYMENT_TARGET = 10.15;
				MTL_ENABLE_DEBUG_INFO = INCLUDE_SOURCE;
				MTL_FAST_MATH = YES;
				ONLY_ACTIVE_ARCH = YES;
				SDKROOT = macosx;
			};
			name = Debug;
		};
		310764A023613C5000CE0BDC /* Release */ = {
			isa = XCBuildConfiguration;
			buildSettings = {
				ALWAYS_SEARCH_USER_PATHS = NO;
				CLANG_ANALYZER_NONNULL = YES;
				CLANG_ANALYZER_NUMBER_OBJECT_CONVERSION = YES_AGGRESSIVE;
				CLANG_CXX_LANGUAGE_STANDARD = "gnu++14";
				CLANG_CXX_LIBRARY = "libc++";
				CLANG_ENABLE_MODULES = YES;
				CLANG_ENABLE_OBJC_ARC = YES;
				CLANG_ENABLE_OBJC_WEAK = YES;
				CLANG_WARN_BLOCK_CAPTURE_AUTORELEASING = YES;
				CLANG_WARN_BOOL_CONVERSION = YES;
				CLANG_WARN_COMMA = YES;
				CLANG_WARN_CONSTANT_CONVERSION = YES;
				CLANG_WARN_DEPRECATED_OBJC_IMPLEMENTATIONS = YES;
				CLANG_WARN_DIRECT_OBJC_ISA_USAGE = YES_ERROR;
				CLANG_WARN_DOCUMENTATION_COMMENTS = YES;
				CLANG_WARN_EMPTY_BODY = YES;
				CLANG_WARN_ENUM_CONVERSION = YES;
				CLANG_WARN_INFINITE_RECURSION = YES;
				CLANG_WARN_INT_CONVERSION = YES;
				CLANG_WARN_NON_LITERAL_NULL_CONVERSION = YES;
				CLANG_WARN_OBJC_IMPLICIT_RETAIN_SELF = YES;
				CLANG_WARN_OBJC_LITERAL_CONVERSION = YES;
				CLANG_WARN_OBJC_ROOT_CLASS = YES_ERROR;
				CLANG_WARN_RANGE_LOOP_ANALYSIS = YES;
				CLANG_WARN_STRICT_PROTOTYPES = YES;
				CLANG_WARN_SUSPICIOUS_MOVE = YES;
				CLANG_WARN_UNGUARDED_AVAILABILITY = YES_AGGRESSIVE;
				CLANG_WARN_UNREACHABLE_CODE = YES;
				CLANG_WARN__DUPLICATE_METHOD_MATCH = YES;
				COPY_PHASE_STRIP = NO;
				DEBUG_INFORMATION_FORMAT = "dwarf-with-dsym";
				ENABLE_NS_ASSERTIONS = NO;
				ENABLE_STRICT_OBJC_MSGSEND = YES;
				GCC_C_LANGUAGE_STANDARD = gnu11;
				GCC_NO_COMMON_BLOCKS = YES;
				GCC_WARN_64_TO_32_BIT_CONVERSION = YES;
				GCC_WARN_ABOUT_RETURN_TYPE = YES_ERROR;
				GCC_WARN_UNDECLARED_SELECTOR = YES;
				GCC_WARN_UNINITIALIZED_AUTOS = YES_AGGRESSIVE;
				GCC_WARN_UNUSED_FUNCTION = YES;
				GCC_WARN_UNUSED_VARIABLE = YES;
				MACOSX_DEPLOYMENT_TARGET = 10.15;
				MTL_ENABLE_DEBUG_INFO = NO;
				MTL_FAST_MATH = YES;
				SDKROOT = macosx;
			};
			name = Release;
		};
		310764A223613C5000CE0BDC /* Debug */ = {
			isa = XCBuildConfiguration;
			buildSettings = {
				CODE_SIGN_STYLE = Automatic;
				PRODUCT_NAME = "$(TARGET_NAME)";
			};
			name = Debug;
		};
		310764A323613C5000CE0BDC /* Release */ = {
			isa = XCBuildConfiguration;
			buildSettings = {
				CODE_SIGN_STYLE = Automatic;
				PRODUCT_NAME = "$(TARGET_NAME)";
			};
			name = Release;
		};
/* End XCBuildConfiguration section */

/* Begin XCConfigurationList section */
		3107649523613C5000CE0BDC /* Build configuration list for PBXProject "hw06" */ = {
			isa = XCConfigurationList;
			buildConfigurations = (
				3107649F23613C5000CE0BDC /* Debug */,
				310764A023613C5000CE0BDC /* Release */,
			);
			defaultConfigurationIsVisible = 0;
			defaultConfigurationName = Release;
		};
		310764A123613C5000CE0BDC /* Build configuration list for PBXNativeTarget "hw06" */ = {
			isa = XCConfigurationList;
			buildConfigurations = (
				310764A223613C5000CE0BDC /* Debug */,
				310764A323613C5000CE0BDC /* Release */,
			);
			defaultConfigurationIsVisible = 0;
			defaultConfigurationName = Release;
		};
/* End XCConfigurationList section */
	};
	rootObject = 3107649223613C5000CE0BDC /* Project object */;
}
